
Microsoft Visual Studio Solution File, Format Version 12.00
# Visual Studio 15
VisualStudioVersion = 15.0.26124.0
MinimumVisualStudioVersion = 15.0.26124.0
Project("{2150E333-8FDC-42A3-9474-1A3956D46DE8}") = "src", "src", "{A43E922C-1780-4D9B-B87E-7BE85DEC9252}"
EndProject
Project("{FAE04EC0-301F-11D3-BF4B-00C04F79EFBC}") = "TmMemberManager.Services", "src\TmMemberManager.Services\TmMemberManager.Services.csproj", "{27E6B9CB-CD3A-4F40-9F65-256AA9720E3F}"
EndProject
Project("{2150E333-8FDC-42A3-9474-1A3956D46DE8}") = "tests", "tests", "{15137883-073F-475A-948B-A14AE6F46CA5}"
EndProject
Project("{FAE04EC0-301F-11D3-BF4B-00C04F79EFBC}") = "TmMemberManager.Services.Tests", "tests\TmMemberManager.Services.Tests\TmMemberManager.Services.Tests.csproj", "{F8058BE7-1068-4371-AD18-8709D2F4AE63}"
EndProject
Project("{FAE04EC0-301F-11D3-BF4B-00C04F79EFBC}") = "TmMemberManager.Data", "src\TmMemberManager.Data\TmMemberManager.Data.csproj", "{67A9E6FC-916B-400D-B987-95F01E427F80}"
EndProject
Project("{FAE04EC0-301F-11D3-BF4B-00C04F79EFBC}") = "TmMemberManager.Data.Tests", "tests\TmMemberManager.Data.Tests\TmMemberManager.Data.Tests.csproj", "{A713E39E-E927-490D-BA13-7CB61CAA838C}"
EndProject
Global
	GlobalSection(SolutionConfigurationPlatforms) = preSolution
		Debug|Any CPU = Debug|Any CPU
		Debug|x64 = Debug|x64
		Debug|x86 = Debug|x86
		Release|Any CPU = Release|Any CPU
		Release|x64 = Release|x64
		Release|x86 = Release|x86
	EndGlobalSection
	GlobalSection(SolutionProperties) = preSolution
		HideSolutionNode = FALSE
	EndGlobalSection
	GlobalSection(ProjectConfigurationPlatforms) = postSolution
		{27E6B9CB-CD3A-4F40-9F65-256AA9720E3F}.Debug|Any CPU.ActiveCfg = Debug|Any CPU
		{27E6B9CB-CD3A-4F40-9F65-256AA9720E3F}.Debug|Any CPU.Build.0 = Debug|Any CPU
		{27E6B9CB-CD3A-4F40-9F65-256AA9720E3F}.Debug|x64.ActiveCfg = Debug|Any CPU
		{27E6B9CB-CD3A-4F40-9F65-256AA9720E3F}.Debug|x64.Build.0 = Debug|Any CPU
		{27E6B9CB-CD3A-4F40-9F65-256AA9720E3F}.Debug|x86.ActiveCfg = Debug|Any CPU
		{27E6B9CB-CD3A-4F40-9F65-256AA9720E3F}.Debug|x86.Build.0 = Debug|Any CPU
		{27E6B9CB-CD3A-4F40-9F65-256AA9720E3F}.Release|Any CPU.ActiveCfg = Release|Any CPU
		{27E6B9CB-CD3A-4F40-9F65-256AA9720E3F}.Release|Any CPU.Build.0 = Release|Any CPU
		{27E6B9CB-CD3A-4F40-9F65-256AA9720E3F}.Release|x64.ActiveCfg = Release|Any CPU
		{27E6B9CB-CD3A-4F40-9F65-256AA9720E3F}.Release|x64.Build.0 = Release|Any CPU
		{27E6B9CB-CD3A-4F40-9F65-256AA9720E3F}.Release|x86.ActiveCfg = Release|Any CPU
		{27E6B9CB-CD3A-4F40-9F65-256AA9720E3F}.Release|x86.Build.0 = Release|Any CPU
		{F8058BE7-1068-4371-AD18-8709D2F4AE63}.Debug|Any CPU.ActiveCfg = Debug|Any CPU
		{F8058BE7-1068-4371-AD18-8709D2F4AE63}.Debug|Any CPU.Build.0 = Debug|Any CPU
		{F8058BE7-1068-4371-AD18-8709D2F4AE63}.Debug|x64.ActiveCfg = Debug|Any CPU
		{F8058BE7-1068-4371-AD18-8709D2F4AE63}.Debug|x64.Build.0 = Debug|Any CPU
		{F8058BE7-1068-4371-AD18-8709D2F4AE63}.Debug|x86.ActiveCfg = Debug|Any CPU
		{F8058BE7-1068-4371-AD18-8709D2F4AE63}.Debug|x86.Build.0 = Debug|Any CPU
		{F8058BE7-1068-4371-AD18-8709D2F4AE63}.Release|Any CPU.ActiveCfg = Release|Any CPU
		{F8058BE7-1068-4371-AD18-8709D2F4AE63}.Release|Any CPU.Build.0 = Release|Any CPU
		{F8058BE7-1068-4371-AD18-8709D2F4AE63}.Release|x64.ActiveCfg = Release|Any CPU
		{F8058BE7-1068-4371-AD18-8709D2F4AE63}.Release|x64.Build.0 = Release|Any CPU
		{F8058BE7-1068-4371-AD18-8709D2F4AE63}.Release|x86.ActiveCfg = Release|Any CPU
		{F8058BE7-1068-4371-AD18-8709D2F4AE63}.Release|x86.Build.0 = Release|Any CPU
		{67A9E6FC-916B-400D-B987-95F01E427F80}.Debug|Any CPU.ActiveCfg = Debug|Any CPU
		{67A9E6FC-916B-400D-B987-95F01E427F80}.Debug|Any CPU.Build.0 = Debug|Any CPU
		{67A9E6FC-916B-400D-B987-95F01E427F80}.Debug|x64.ActiveCfg = Debug|Any CPU
		{67A9E6FC-916B-400D-B987-95F01E427F80}.Debug|x64.Build.0 = Debug|Any CPU
		{67A9E6FC-916B-400D-B987-95F01E427F80}.Debug|x86.ActiveCfg = Debug|Any CPU
		{67A9E6FC-916B-400D-B987-95F01E427F80}.Debug|x86.Build.0 = Debug|Any CPU
		{67A9E6FC-916B-400D-B987-95F01E427F80}.Release|Any CPU.ActiveCfg = Release|Any CPU
		{67A9E6FC-916B-400D-B987-95F01E427F80}.Release|Any CPU.Build.0 = Release|Any CPU
		{67A9E6FC-916B-400D-B987-95F01E427F80}.Release|x64.ActiveCfg = Release|Any CPU
		{67A9E6FC-916B-400D-B987-95F01E427F80}.Release|x64.Build.0 = Release|Any CPU
		{67A9E6FC-916B-400D-B987-95F01E427F80}.Release|x86.ActiveCfg = Release|Any CPU
		{67A9E6FC-916B-400D-B987-95F01E427F80}.Release|x86.Build.0 = Release|Any CPU
		{A713E39E-E927-490D-BA13-7CB61CAA838C}.Debug|Any CPU.ActiveCfg = Debug|Any CPU
		{A713E39E-E927-490D-BA13-7CB61CAA838C}.Debug|Any CPU.Build.0 = Debug|Any CPU
		{A713E39E-E927-490D-BA13-7CB61CAA838C}.Debug|x64.ActiveCfg = Debug|Any CPU
		{A713E39E-E927-490D-BA13-7CB61CAA838C}.Debug|x64.Build.0 = Debug|Any CPU
		{A713E39E-E927-490D-BA13-7CB61CAA838C}.Debug|x86.ActiveCfg = Debug|Any CPU
		{A713E39E-E927-490D-BA13-7CB61CAA838C}.Debug|x86.Build.0 = Debug|Any CPU
		{A713E39E-E927-490D-BA13-7CB61CAA838C}.Release|Any CPU.ActiveCfg = Release|Any CPU
		{A713E39E-E927-490D-BA13-7CB61CAA838C}.Release|Any CPU.Build.0 = Release|Any CPU
		{A713E39E-E927-490D-BA13-7CB61CAA838C}.Release|x64.ActiveCfg = Release|Any CPU
		{A713E39E-E927-490D-BA13-7CB61CAA838C}.Release|x64.Build.0 = Release|Any CPU
		{A713E39E-E927-490D-BA13-7CB61CAA838C}.Release|x86.ActiveCfg = Release|Any CPU
		{A713E39E-E927-490D-BA13-7CB61CAA838C}.Release|x86.Build.0 = Release|Any CPU
	EndGlobalSection
	GlobalSection(NestedProjects) = preSolution
		{27E6B9CB-CD3A-4F40-9F65-256AA9720E3F} = {A43E922C-1780-4D9B-B87E-7BE85DEC9252}
		{F8058BE7-1068-4371-AD18-8709D2F4AE63} = {15137883-073F-475A-948B-A14AE6F46CA5}
		{67A9E6FC-916B-400D-B987-95F01E427F80} = {A43E922C-1780-4D9B-B87E-7BE85DEC9252}
		{A713E39E-E927-490D-BA13-7CB61CAA838C} = {15137883-073F-475A-948B-A14AE6F46CA5}
	EndGlobalSection
EndGlobal
